
Microsoft Visual Studio Solution File, Format Version 12.00
# Visual Studio Version 17
VisualStudioVersion = 17.14.36301.6 d17.14
MinimumVisualStudioVersion = 10.0.40219.1
Project("{FAE04EC0-301F-11D3-BF4B-00C04F79EFBC}") = "Topic 7.2 – For Loop Programming Assignments", "Topic 7.2 – For Loop Programming Assignments.csproj", "{18529F26-97CF-408D-B257-BEC0B355E919}"
EndProject
Global
	GlobalSection(SolutionConfigurationPlatforms) = preSolution
		Debug|Any CPU = Debug|Any CPU
		Release|Any CPU = Release|Any CPU
	EndGlobalSection
	GlobalSection(ProjectConfigurationPlatforms) = postSolution
		{18529F26-97CF-408D-B257-BEC0B355E919}.Debug|Any CPU.ActiveCfg = Debug|Any CPU
		{18529F26-97CF-408D-B257-BEC0B355E919}.Debug|Any CPU.Build.0 = Debug|Any CPU
		{18529F26-97CF-408D-B257-BEC0B355E919}.Release|Any CPU.ActiveCfg = Release|Any CPU
		{18529F26-97CF-408D-B257-BEC0B355E919}.Release|Any CPU.Build.0 = Release|Any CPU
	EndGlobalSection
	GlobalSection(SolutionProperties) = preSolution
		HideSolutionNode = FALSE
	EndGlobalSection
	GlobalSection(ExtensibilityGlobals) = postSolution
		SolutionGuid = {AD148F97-B442-4F8E-A700-60A46C1F50D1}
	EndGlobalSection
EndGlobal
